
Microsoft Visual Studio Solution File, Format Version 12.00
# Visual Studio Version 17
VisualStudioVersion = 17.7.34031.279
MinimumVisualStudioVersion = 10.0.40219.1
Project("{FAE04EC0-301F-11D3-BF4B-00C04F79EFBC}") = "25.01.24", "25.01.24\25.01.24.csproj", "{087562E7-95F5-4AED-9ED4-46806052BAC5}"
EndProject
Global
	GlobalSection(SolutionConfigurationPlatforms) = preSolution
		Debug|Any CPU = Debug|Any CPU
		Release|Any CPU = Release|Any CPU
	EndGlobalSection
	GlobalSection(ProjectConfigurationPlatforms) = postSolution
		{087562E7-95F5-4AED-9ED4-46806052BAC5}.Debug|Any CPU.ActiveCfg = Debug|Any CPU
		{087562E7-95F5-4AED-9ED4-46806052BAC5}.Debug|Any CPU.Build.0 = Debug|Any CPU
		{087562E7-95F5-4AED-9ED4-46806052BAC5}.Release|Any CPU.ActiveCfg = Release|Any CPU
		{087562E7-95F5-4AED-9ED4-46806052BAC5}.Release|Any CPU.Build.0 = Release|Any CPU
	EndGlobalSection
	GlobalSection(SolutionProperties) = preSolution
		HideSolutionNode = FALSE
	EndGlobalSection
	GlobalSection(ExtensibilityGlobals) = postSolution
		SolutionGuid = {E9D01331-38FE-42AC-8B7F-67F762ECDA5F}
	EndGlobalSection
EndGlobal
